
Microsoft Visual Studio Solution File, Format Version 12.00
# Visual Studio Version 17
VisualStudioVersion = 17.0.31919.166
MinimumVisualStudioVersion = 10.0.40219.1
Project("{9A19103F-16F7-4668-BE54-9A1E7A4F7556}") = "Rent_A_Ski", "Rent_A_Ski.csproj", "{1E515DB3-05D3-42EB-AB85-481DCF81D178}"
EndProject
Global
	GlobalSection(SolutionConfigurationPlatforms) = preSolution
		Debug|Any CPU = Debug|Any CPU
		Release|Any CPU = Release|Any CPU
	EndGlobalSection
	GlobalSection(ProjectConfigurationPlatforms) = postSolution
		{1E515DB3-05D3-42EB-AB85-481DCF81D178}.Debug|Any CPU.ActiveCfg = Debug|Any CPU
		{1E515DB3-05D3-42EB-AB85-481DCF81D178}.Debug|Any CPU.Build.0 = Debug|Any CPU
		{1E515DB3-05D3-42EB-AB85-481DCF81D178}.Release|Any CPU.ActiveCfg = Release|Any CPU
		{1E515DB3-05D3-42EB-AB85-481DCF81D178}.Release|Any CPU.Build.0 = Release|Any CPU
	EndGlobalSection
	GlobalSection(SolutionProperties) = preSolution
		HideSolutionNode = FALSE
	EndGlobalSection
	GlobalSection(ExtensibilityGlobals) = postSolution
		SolutionGuid = {B4AD199B-9A51-402B-A0BB-A446F95EF46F}
	EndGlobalSection
EndGlobal
